
Microsoft Visual Studio Solution File, Format Version 12.00
# Visual Studio Version 16
VisualStudioVersion = 16.0.31105.61
MinimumVisualStudioVersion = 10.0.40219.1
Project("{FAE04EC0-301F-11D3-BF4B-00C04F79EFBC}") = "ChromaticSumApproximation", "ChromaticSumApproximation\ChromaticSumApproximation.csproj", "{DDE5DBD4-FED4-4E54-8B46-CBBAA17C77E7}"
EndProject
Global
	GlobalSection(SolutionConfigurationPlatforms) = preSolution
		Debug|Any CPU = Debug|Any CPU
		Release|Any CPU = Release|Any CPU
	EndGlobalSection
	GlobalSection(ProjectConfigurationPlatforms) = postSolution
		{DDE5DBD4-FED4-4E54-8B46-CBBAA17C77E7}.Debug|Any CPU.ActiveCfg = Debug|Any CPU
		{DDE5DBD4-FED4-4E54-8B46-CBBAA17C77E7}.Debug|Any CPU.Build.0 = Debug|Any CPU
		{DDE5DBD4-FED4-4E54-8B46-CBBAA17C77E7}.Release|Any CPU.ActiveCfg = Release|Any CPU
		{DDE5DBD4-FED4-4E54-8B46-CBBAA17C77E7}.Release|Any CPU.Build.0 = Release|Any CPU
	EndGlobalSection
	GlobalSection(SolutionProperties) = preSolution
		HideSolutionNode = FALSE
	EndGlobalSection
	GlobalSection(ExtensibilityGlobals) = postSolution
		SolutionGuid = {6667174A-F74C-4994-810A-50ECD7319F43}
	EndGlobalSection
EndGlobal
